
Microsoft Visual Studio Solution File, Format Version 12.00
# Visual Studio Version 16
VisualStudioVersion = 16.0.31410.357
MinimumVisualStudioVersion = 10.0.40219.1
Project("{2150E333-8FDC-42A3-9474-1A3956D46DE8}") = "src", "src", "{3355E69A-02D6-49CA-877E-4D9594222CE4}"
EndProject
Project("{2150E333-8FDC-42A3-9474-1A3956D46DE8}") = "tests", "tests", "{1BA385BC-A756-40AE-9892-D9C172455B76}"
EndProject
Project("{9A19103F-16F7-4668-BE54-9A1E7A4F7556}") = "Color-Chan.Discord", "src\Color-Chan.Discord\Color-Chan.Discord.csproj", "{CF46BD2A-7C2B-4C29-BBA5-758A8B6BC25E}"
EndProject
Project("{9A19103F-16F7-4668-BE54-9A1E7A4F7556}") = "Color-Chan.Discord.Rest", "src\Color-Chan.Discord.Rest\Color-Chan.Discord.Rest.csproj", "{308601DC-3204-428F-9131-C9EA9B1F02CA}"
EndProject
Project("{9A19103F-16F7-4668-BE54-9A1E7A4F7556}") = "Color-Chan.Discord.Commands", "src\Color-Chan.Discord.Commands\Color-Chan.Discord.Commands.csproj", "{A2977B86-02B0-4CC2-B740-5C67075CC41A}"
EndProject
Project("{9A19103F-16F7-4668-BE54-9A1E7A4F7556}") = "Color-Chan.Discord.Core", "src\Color-Chan.Discord.Core\Color-Chan.Discord.Core.csproj", "{BE737AF0-1688-470C-B0D2-50EFBE25348F}"
EndProject
Project("{2150E333-8FDC-42A3-9474-1A3956D46DE8}") = "benchmarks", "benchmarks", "{BE3999FC-A454-4BB3-9F5B-FF0A6DBF9A1D}"
EndProject
Project("{2150E333-8FDC-42A3-9474-1A3956D46DE8}") = "mockCommandAssemblies", "mockCommandAssemblies", "{ADBC5773-D0F4-4A9E-BC6F-6EF9220718A4}"
EndProject
Project("{9A19103F-16F7-4668-BE54-9A1E7A4F7556}") = "Color-Chan.Discord.Core.Benchmarks", "tests\benchmarks\Color-Chan.Discord.Core.Benchmarks\Color-Chan.Discord.Core.Benchmarks.csproj", "{565FFF7B-0C93-4CDE-BAD7-749EC1A873D2}"
EndProject
Project("{9A19103F-16F7-4668-BE54-9A1E7A4F7556}") = "Color-Chan.Discord.Commands.Tests.Invalid", "tests\mockCommandAssemblies\Color-Chan.Discord.Commands.Tests.Invalid\Color-Chan.Discord.Commands.Tests.Invalid.csproj", "{575DEF62-C60F-478C-868F-F8BDA630043D}"
EndProject
Project("{9A19103F-16F7-4668-BE54-9A1E7A4F7556}") = "Color-Chan.Discord.Commands.Tests.Valid", "tests\mockCommandAssemblies\Color-Chan.Discord.Commands.Tests.Valid\Color-Chan.Discord.Commands.Tests.Valid.csproj", "{DF5C6FFE-9289-4961-AFB7-ADFC77CFA306}"
EndProject
Project("{9A19103F-16F7-4668-BE54-9A1E7A4F7556}") = "Color-Chan.Discord.Commands.Tests", "tests\Color-Chan.Discord.Commands.Tests\Color-Chan.Discord.Commands.Tests.csproj", "{8305C83E-DBCF-4F5F-9E08-6D050CD33204}"
EndProject
Project("{9A19103F-16F7-4668-BE54-9A1E7A4F7556}") = "Color-Chan.Discord.Core.Tests", "tests\Color-Chan.Discord.Core.Tests\Color-Chan.Discord.Core.Tests.csproj", "{1FDADB8E-DC21-47BD-A3FF-6D170F5F2CBC}"
EndProject
Project("{9A19103F-16F7-4668-BE54-9A1E7A4F7556}") = "Color-Chan.Discord.Rest.Tests", "tests\Color-Chan.Discord.Rest.Tests\Color-Chan.Discord.Rest.Tests.csproj", "{47E4B187-33E2-437E-9840-E12D41275743}"
EndProject
Project("{2150E333-8FDC-42A3-9474-1A3956D46DE8}") = "samples", "samples", "{B2D862F3-8ED1-4D09-8248-8D4B5EB2737A}"
EndProject
Project("{9A19103F-16F7-4668-BE54-9A1E7A4F7556}") = "Pong", "samples\Pong\Pong.csproj", "{4CF397C8-467A-436D-B16C-D885B2EA3DA3}"
EndProject
Project("{FAE04EC0-301F-11D3-BF4B-00C04F79EFBC}") = "Color-Chan.Discord.Benchmarks", "tests\benchmarks\Color-Chan.Discord.Benchmarks\Color-Chan.Discord.Benchmarks.csproj", "{D7877668-436C-4017-8282-AC23AF441F36}"
EndProject
Project("{FAE04EC0-301F-11D3-BF4B-00C04F79EFBC}") = "RoleManager", "samples\RoleManager\RoleManager.csproj", "{697DDCAB-0DDD-486F-B70B-64ECF0C01CDC}"
EndProject
Project("{FAE04EC0-301F-11D3-BF4B-00C04F79EFBC}") = "Color-Chan.Discord.Tests", "tests\Color-Chan.Discord.Tests\Color-Chan.Discord.Tests.csproj", "{F2CDB742-F853-404A-BE68-C54BCB080405}"
EndProject
Project("{FAE04EC0-301F-11D3-BF4B-00C04F79EFBC}") = "Color-Chan.Discord.Caching", "src\Color-Chan.Discord.Caching\Color-Chan.Discord.Caching.csproj", "{6409B606-0EE1-4462-BDFF-CCE69BBB78ED}"
EndProject
Project("{FAE04EC0-301F-11D3-BF4B-00C04F79EFBC}") = "Color-Chan.Discord.Caching.Tests", "tests\Color-Chan.Discord.Caching.Tests\Color-Chan.Discord.Caching.Tests.csproj", "{A0B1D8ED-FA1F-4706-BC82-B98EA47C077D}"
EndProject
Project("{FAE04EC0-301F-11D3-BF4B-00C04F79EFBC}") = "HelloWorldButton", "samples\HelloWorldButton\HelloWorldButton.csproj", "{4D344610-2AD1-44D1-A3FE-76908972AA9B}"
EndProject
Project("{FAE04EC0-301F-11D3-BF4B-00C04F79EFBC}") = "ButtonArgs", "samples\ButtonArgs\ButtonArgs.csproj", "{7F0D86B2-209D-4C6A-BB68-489C59756FC2}"
EndProject
Global
	GlobalSection(SolutionConfigurationPlatforms) = preSolution
		Debug|Any CPU = Debug|Any CPU
		Release|Any CPU = Release|Any CPU
	EndGlobalSection
	GlobalSection(ProjectConfigurationPlatforms) = postSolution
		{CF46BD2A-7C2B-4C29-BBA5-758A8B6BC25E}.Debug|Any CPU.ActiveCfg = Debug|Any CPU
		{CF46BD2A-7C2B-4C29-BBA5-758A8B6BC25E}.Debug|Any CPU.Build.0 = Debug|Any CPU
		{CF46BD2A-7C2B-4C29-BBA5-758A8B6BC25E}.Release|Any CPU.ActiveCfg = Release|Any CPU
		{CF46BD2A-7C2B-4C29-BBA5-758A8B6BC25E}.Release|Any CPU.Build.0 = Release|Any CPU
		{308601DC-3204-428F-9131-C9EA9B1F02CA}.Debug|Any CPU.ActiveCfg = Debug|Any CPU
		{308601DC-3204-428F-9131-C9EA9B1F02CA}.Debug|Any CPU.Build.0 = Debug|Any CPU
		{308601DC-3204-428F-9131-C9EA9B1F02CA}.Release|Any CPU.ActiveCfg = Release|Any CPU
		{308601DC-3204-428F-9131-C9EA9B1F02CA}.Release|Any CPU.Build.0 = Release|Any CPU
		{A2977B86-02B0-4CC2-B740-5C67075CC41A}.Debug|Any CPU.ActiveCfg = Debug|Any CPU
		{A2977B86-02B0-4CC2-B740-5C67075CC41A}.Debug|Any CPU.Build.0 = Debug|Any CPU
		{A2977B86-02B0-4CC2-B740-5C67075CC41A}.Release|Any CPU.ActiveCfg = Release|Any CPU
		{A2977B86-02B0-4CC2-B740-5C67075CC41A}.Release|Any CPU.Build.0 = Release|Any CPU
		{BE737AF0-1688-470C-B0D2-50EFBE25348F}.Debug|Any CPU.ActiveCfg = Debug|Any CPU
		{BE737AF0-1688-470C-B0D2-50EFBE25348F}.Debug|Any CPU.Build.0 = Debug|Any CPU
		{BE737AF0-1688-470C-B0D2-50EFBE25348F}.Release|Any CPU.ActiveCfg = Release|Any CPU
		{BE737AF0-1688-470C-B0D2-50EFBE25348F}.Release|Any CPU.Build.0 = Release|Any CPU
		{565FFF7B-0C93-4CDE-BAD7-749EC1A873D2}.Debug|Any CPU.ActiveCfg = Debug|Any CPU
		{565FFF7B-0C93-4CDE-BAD7-749EC1A873D2}.Debug|Any CPU.Build.0 = Debug|Any CPU
		{565FFF7B-0C93-4CDE-BAD7-749EC1A873D2}.Release|Any CPU.ActiveCfg = Release|Any CPU
		{565FFF7B-0C93-4CDE-BAD7-749EC1A873D2}.Release|Any CPU.Build.0 = Release|Any CPU
		{575DEF62-C60F-478C-868F-F8BDA630043D}.Debug|Any CPU.ActiveCfg = Debug|Any CPU
		{575DEF62-C60F-478C-868F-F8BDA630043D}.Debug|Any CPU.Build.0 = Debug|Any CPU
		{575DEF62-C60F-478C-868F-F8BDA630043D}.Release|Any CPU.ActiveCfg = Release|Any CPU
		{575DEF62-C60F-478C-868F-F8BDA630043D}.Release|Any CPU.Build.0 = Release|Any CPU
		{DF5C6FFE-9289-4961-AFB7-ADFC77CFA306}.Debug|Any CPU.ActiveCfg = Debug|Any CPU
		{DF5C6FFE-9289-4961-AFB7-ADFC77CFA306}.Debug|Any CPU.Build.0 = Debug|Any CPU
		{DF5C6FFE-9289-4961-AFB7-ADFC77CFA306}.Release|Any CPU.ActiveCfg = Release|Any CPU
		{DF5C6FFE-9289-4961-AFB7-ADFC77CFA306}.Release|Any CPU.Build.0 = Release|Any CPU
		{8305C83E-DBCF-4F5F-9E08-6D050CD33204}.Debug|Any CPU.ActiveCfg = Debug|Any CPU
		{8305C83E-DBCF-4F5F-9E08-6D050CD33204}.Debug|Any CPU.Build.0 = Debug|Any CPU
		{8305C83E-DBCF-4F5F-9E08-6D050CD33204}.Release|Any CPU.ActiveCfg = Release|Any CPU
		{8305C83E-DBCF-4F5F-9E08-6D050CD33204}.Release|Any CPU.Build.0 = Release|Any CPU
		{1FDADB8E-DC21-47BD-A3FF-6D170F5F2CBC}.Debug|Any CPU.ActiveCfg = Debug|Any CPU
		{1FDADB8E-DC21-47BD-A3FF-6D170F5F2CBC}.Debug|Any CPU.Build.0 = Debug|Any CPU
		{1FDADB8E-DC21-47BD-A3FF-6D170F5F2CBC}.Release|Any CPU.ActiveCfg = Release|Any CPU
		{1FDADB8E-DC21-47BD-A3FF-6D170F5F2CBC}.Release|Any CPU.Build.0 = Release|Any CPU
		{47E4B187-33E2-437E-9840-E12D41275743}.Debug|Any CPU.ActiveCfg = Debug|Any CPU
		{47E4B187-33E2-437E-9840-E12D41275743}.Debug|Any CPU.Build.0 = Debug|Any CPU
		{47E4B187-33E2-437E-9840-E12D41275743}.Release|Any CPU.ActiveCfg = Release|Any CPU
		{47E4B187-33E2-437E-9840-E12D41275743}.Release|Any CPU.Build.0 = Release|Any CPU
		{4CF397C8-467A-436D-B16C-D885B2EA3DA3}.Debug|Any CPU.ActiveCfg = Debug|Any CPU
		{4CF397C8-467A-436D-B16C-D885B2EA3DA3}.Debug|Any CPU.Build.0 = Debug|Any CPU
		{4CF397C8-467A-436D-B16C-D885B2EA3DA3}.Release|Any CPU.ActiveCfg = Release|Any CPU
		{4CF397C8-467A-436D-B16C-D885B2EA3DA3}.Release|Any CPU.Build.0 = Release|Any CPU
		{D7877668-436C-4017-8282-AC23AF441F36}.Debug|Any CPU.ActiveCfg = Debug|Any CPU
		{D7877668-436C-4017-8282-AC23AF441F36}.Debug|Any CPU.Build.0 = Debug|Any CPU
		{D7877668-436C-4017-8282-AC23AF441F36}.Release|Any CPU.ActiveCfg = Release|Any CPU
		{D7877668-436C-4017-8282-AC23AF441F36}.Release|Any CPU.Build.0 = Release|Any CPU
		{697DDCAB-0DDD-486F-B70B-64ECF0C01CDC}.Debug|Any CPU.ActiveCfg = Debug|Any CPU
		{697DDCAB-0DDD-486F-B70B-64ECF0C01CDC}.Debug|Any CPU.Build.0 = Debug|Any CPU
		{697DDCAB-0DDD-486F-B70B-64ECF0C01CDC}.Release|Any CPU.ActiveCfg = Release|Any CPU
		{697DDCAB-0DDD-486F-B70B-64ECF0C01CDC}.Release|Any CPU.Build.0 = Release|Any CPU
		{F2CDB742-F853-404A-BE68-C54BCB080405}.Debug|Any CPU.ActiveCfg = Debug|Any CPU
		{F2CDB742-F853-404A-BE68-C54BCB080405}.Debug|Any CPU.Build.0 = Debug|Any CPU
		{F2CDB742-F853-404A-BE68-C54BCB080405}.Release|Any CPU.ActiveCfg = Release|Any CPU
		{F2CDB742-F853-404A-BE68-C54BCB080405}.Release|Any CPU.Build.0 = Release|Any CPU
		{6409B606-0EE1-4462-BDFF-CCE69BBB78ED}.Debug|Any CPU.ActiveCfg = Debug|Any CPU
		{6409B606-0EE1-4462-BDFF-CCE69BBB78ED}.Debug|Any CPU.Build.0 = Debug|Any CPU
		{6409B606-0EE1-4462-BDFF-CCE69BBB78ED}.Release|Any CPU.ActiveCfg = Release|Any CPU
		{6409B606-0EE1-4462-BDFF-CCE69BBB78ED}.Release|Any CPU.Build.0 = Release|Any CPU
		{A0B1D8ED-FA1F-4706-BC82-B98EA47C077D}.Debug|Any CPU.ActiveCfg = Debug|Any CPU
		{A0B1D8ED-FA1F-4706-BC82-B98EA47C077D}.Debug|Any CPU.Build.0 = Debug|Any CPU
		{A0B1D8ED-FA1F-4706-BC82-B98EA47C077D}.Release|Any CPU.ActiveCfg = Release|Any CPU
		{A0B1D8ED-FA1F-4706-BC82-B98EA47C077D}.Release|Any CPU.Build.0 = Release|Any CPU
		{4D344610-2AD1-44D1-A3FE-76908972AA9B}.Debug|Any CPU.ActiveCfg = Debug|Any CPU
		{4D344610-2AD1-44D1-A3FE-76908972AA9B}.Debug|Any CPU.Build.0 = Debug|Any CPU
		{4D344610-2AD1-44D1-A3FE-76908972AA9B}.Release|Any CPU.ActiveCfg = Release|Any CPU
		{4D344610-2AD1-44D1-A3FE-76908972AA9B}.Release|Any CPU.Build.0 = Release|Any CPU
		{7F0D86B2-209D-4C6A-BB68-489C59756FC2}.Debug|Any CPU.ActiveCfg = Debug|Any CPU
		{7F0D86B2-209D-4C6A-BB68-489C59756FC2}.Debug|Any CPU.Build.0 = Debug|Any CPU
		{7F0D86B2-209D-4C6A-BB68-489C59756FC2}.Release|Any CPU.ActiveCfg = Release|Any CPU
		{7F0D86B2-209D-4C6A-BB68-489C59756FC2}.Release|Any CPU.Build.0 = Release|Any CPU
	EndGlobalSection
	GlobalSection(SolutionProperties) = preSolution
		HideSolutionNode = FALSE
	EndGlobalSection
	GlobalSection(NestedProjects) = preSolution
		{CF46BD2A-7C2B-4C29-BBA5-758A8B6BC25E} = {3355E69A-02D6-49CA-877E-4D9594222CE4}
		{308601DC-3204-428F-9131-C9EA9B1F02CA} = {3355E69A-02D6-49CA-877E-4D9594222CE4}
		{A2977B86-02B0-4CC2-B740-5C67075CC41A} = {3355E69A-02D6-49CA-877E-4D9594222CE4}
		{BE737AF0-1688-470C-B0D2-50EFBE25348F} = {3355E69A-02D6-49CA-877E-4D9594222CE4}
		{BE3999FC-A454-4BB3-9F5B-FF0A6DBF9A1D} = {1BA385BC-A756-40AE-9892-D9C172455B76}
		{ADBC5773-D0F4-4A9E-BC6F-6EF9220718A4} = {1BA385BC-A756-40AE-9892-D9C172455B76}
		{565FFF7B-0C93-4CDE-BAD7-749EC1A873D2} = {BE3999FC-A454-4BB3-9F5B-FF0A6DBF9A1D}
		{575DEF62-C60F-478C-868F-F8BDA630043D} = {ADBC5773-D0F4-4A9E-BC6F-6EF9220718A4}
		{DF5C6FFE-9289-4961-AFB7-ADFC77CFA306} = {ADBC5773-D0F4-4A9E-BC6F-6EF9220718A4}
		{8305C83E-DBCF-4F5F-9E08-6D050CD33204} = {1BA385BC-A756-40AE-9892-D9C172455B76}
		{1FDADB8E-DC21-47BD-A3FF-6D170F5F2CBC} = {1BA385BC-A756-40AE-9892-D9C172455B76}
		{47E4B187-33E2-437E-9840-E12D41275743} = {1BA385BC-A756-40AE-9892-D9C172455B76}
		{4CF397C8-467A-436D-B16C-D885B2EA3DA3} = {B2D862F3-8ED1-4D09-8248-8D4B5EB2737A}
		{D7877668-436C-4017-8282-AC23AF441F36} = {BE3999FC-A454-4BB3-9F5B-FF0A6DBF9A1D}
		{697DDCAB-0DDD-486F-B70B-64ECF0C01CDC} = {B2D862F3-8ED1-4D09-8248-8D4B5EB2737A}
		{F2CDB742-F853-404A-BE68-C54BCB080405} = {1BA385BC-A756-40AE-9892-D9C172455B76}
		{6409B606-0EE1-4462-BDFF-CCE69BBB78ED} = {3355E69A-02D6-49CA-877E-4D9594222CE4}
		{A0B1D8ED-FA1F-4706-BC82-B98EA47C077D} = {1BA385BC-A756-40AE-9892-D9C172455B76}
		{4D344610-2AD1-44D1-A3FE-76908972AA9B} = {B2D862F3-8ED1-4D09-8248-8D4B5EB2737A}
		{7F0D86B2-209D-4C6A-BB68-489C59756FC2} = {B2D862F3-8ED1-4D09-8248-8D4B5EB2737A}
	EndGlobalSection
	GlobalSection(ExtensibilityGlobals) = postSolution
		SolutionGuid = {AC84D902-ABC1-47C3-9993-F769F483E5CE}
	EndGlobalSection
EndGlobal
